// !$*UTF8*$!
{
	archiveVersion = 1;
	classes = {
	};
	objectVersion = 50;
	objects = {

/* Begin PBXBuildFile section */
		2C677E70213DDE1300BEAF40 /* ItemTableViewCell.swift in Sources */ = {isa = PBXBuildFile; fileRef = 2C677E6E213DDE1300BEAF40 /* ItemTableViewCell.swift */; };
		2C677E71213DDE1300BEAF40 /* ItemTableViewCell.xib in Resources */ = {isa = PBXBuildFile; fileRef = 2C677E6F213DDE1300BEAF40 /* ItemTableViewCell.xib */; };
		2C677E77213DDE6A00BEAF40 /* UIViewExtensions.swift in Sources */ = {isa = PBXBuildFile; fileRef = 2C677E74213DDE6A00BEAF40 /* UIViewExtensions.swift */; };
		2C677E78213DDE6A00BEAF40 /* UITableViewExtensions.swift in Sources */ = {isa = PBXBuildFile; fileRef = 2C677E75213DDE6A00BEAF40 /* UITableViewExtensions.swift */; };
		2C677E7A213DE3DB00BEAF40 /* TextFieldView.swift in Sources */ = {isa = PBXBuildFile; fileRef = 2C677E79213DE3DB00BEAF40 /* TextFieldView.swift */; };
		2C677E7C213DE3E600BEAF40 /* TextFieldView.xib in Resources */ = {isa = PBXBuildFile; fileRef = 2C677E7B213DE3E600BEAF40 /* TextFieldView.xib */; };
		D341523C2138AA9C0009D874 /* AppDelegate.swift in Sources */ = {isa = PBXBuildFile; fileRef = D341523B2138AA9C0009D874 /* AppDelegate.swift */; };
		D34152432138AA9D0009D874 /* Assets.xcassets in Resources */ = {isa = PBXBuildFile; fileRef = D34152422138AA9D0009D874 /* Assets.xcassets */; };
		D34152462138AA9D0009D874 /* LaunchScreen.storyboard in Resources */ = {isa = PBXBuildFile; fileRef = D34152442138AA9D0009D874 /* LaunchScreen.storyboard */; };
		D341524E2138B1090009D874 /* TodoListViewController.swift in Sources */ = {isa = PBXBuildFile; fileRef = D341524D2138B1090009D874 /* TodoListViewController.swift */; };
		D34152502138B61C0009D874 /* Item.swift in Sources */ = {isa = PBXBuildFile; fileRef = D341524F2138B61C0009D874 /* Item.swift */; };
/* End PBXBuildFile section */

/* Begin PBXFileReference section */
		2C677E6E213DDE1300BEAF40 /* ItemTableViewCell.swift */ = {isa = PBXFileReference; lastKnownFileType = sourcecode.swift; name = ItemTableViewCell.swift; path = ../../../ToDoList/TodoList/Views/ItemTableViewCell.swift; sourceTree = "<group>"; };
		2C677E6F213DDE1300BEAF40 /* ItemTableViewCell.xib */ = {isa = PBXFileReference; lastKnownFileType = file.xib; name = ItemTableViewCell.xib; path = ../../../ToDoList/TodoList/Views/ItemTableViewCell.xib; sourceTree = "<group>"; };
		2C677E74213DDE6A00BEAF40 /* UIViewExtensions.swift */ = {isa = PBXFileReference; fileEncoding = 4; lastKnownFileType = sourcecode.swift; path = UIViewExtensions.swift; sourceTree = "<group>"; };
		2C677E75213DDE6A00BEAF40 /* UITableViewExtensions.swift */ = {isa = PBXFileReference; fileEncoding = 4; lastKnownFileType = sourcecode.swift; path = UITableViewExtensions.swift; sourceTree = "<group>"; };
		2C677E79213DE3DB00BEAF40 /* TextFieldView.swift */ = {isa = PBXFileReference; lastKnownFileType = sourcecode.swift; path = TextFieldView.swift; sourceTree = "<group>"; };
		2C677E7B213DE3E600BEAF40 /* TextFieldView.xib */ = {isa = PBXFileReference; lastKnownFileType = file.xib; path = TextFieldView.xib; sourceTree = "<group>"; };
		D34152382138AA9C0009D874 /* TodoList.app */ = {isa = PBXFileReference; explicitFileType = wrapper.application; includeInIndex = 0; path = TodoList.app; sourceTree = BUILT_PRODUCTS_DIR; };
		D341523B2138AA9C0009D874 /* AppDelegate.swift */ = {isa = PBXFileReference; lastKnownFileType = sourcecode.swift; path = AppDelegate.swift; sourceTree = "<group>"; };
		D34152422138AA9D0009D874 /* Assets.xcassets */ = {isa = PBXFileReference; lastKnownFileType = folder.assetcatalog; path = Assets.xcassets; sourceTree = "<group>"; };
		D34152452138AA9D0009D874 /* Base */ = {isa = PBXFileReference; lastKnownFileType = file.storyboard; name = Base; path = Base.lproj/LaunchScreen.storyboard; sourceTree = "<group>"; };
		D34152472138AA9D0009D874 /* Info.plist */ = {isa = PBXFileReference; lastKnownFileType = text.plist.xml; path = Info.plist; sourceTree = "<group>"; };
		D341524D2138B1090009D874 /* TodoListViewController.swift */ = {isa = PBXFileReference; lastKnownFileType = sourcecode.swift; path = TodoListViewController.swift; sourceTree = "<group>"; };
		D341524F2138B61C0009D874 /* Item.swift */ = {isa = PBXFileReference; lastKnownFileType = sourcecode.swift; path = Item.swift; sourceTree = "<group>"; };
/* End PBXFileReference section */

/* Begin PBXFrameworksBuildPhase section */
		D34152352138AA9C0009D874 /* Frameworks */ = {
			isa = PBXFrameworksBuildPhase;
			buildActionMask = 2147483647;
			files = (
			);
			runOnlyForDeploymentPostprocessing = 0;
		};
/* End PBXFrameworksBuildPhase section */

/* Begin PBXGroup section */
		2C677E6A213DDCA400BEAF40 /* Models */ = {
			isa = PBXGroup;
			children = (
				D341524F2138B61C0009D874 /* Item.swift */,
			);
			path = Models;
			sourceTree = "<group>";
		};
		2C677E6B213DDCB300BEAF40 /* Views */ = {
			isa = PBXGroup;
			children = (
				2C677E6E213DDE1300BEAF40 /* ItemTableViewCell.swift */,
				2C677E6F213DDE1300BEAF40 /* ItemTableViewCell.xib */,
				2C677E79213DE3DB00BEAF40 /* TextFieldView.swift */,
				2C677E7B213DE3E600BEAF40 /* TextFieldView.xib */,
			);
			path = Views;
			sourceTree = "<group>";
		};
		2C677E6C213DDCC000BEAF40 /* View Controllers */ = {
			isa = PBXGroup;
			children = (
				D341524D2138B1090009D874 /* TodoListViewController.swift */,
			);
			path = "View Controllers";
			sourceTree = "<group>";
		};
		2C677E6D213DDD8300BEAF40 /* Resources */ = {
			isa = PBXGroup;
			children = (
				D34152422138AA9D0009D874 /* Assets.xcassets */,
				D34152472138AA9D0009D874 /* Info.plist */,
				D34152442138AA9D0009D874 /* LaunchScreen.storyboard */,
			);
			path = Resources;
			sourceTree = "<group>";
		};
		2C677E72213DDE5C00BEAF40 /* Extensions */ = {
			isa = PBXGroup;
			children = (
				2C677E75213DDE6A00BEAF40 /* UITableViewExtensions.swift */,
				2C677E74213DDE6A00BEAF40 /* UIViewExtensions.swift */,
			);
			path = Extensions;
			sourceTree = "<group>";
		};
		D341522F2138AA9C0009D874 = {
			isa = PBXGroup;
			children = (
				D341523A2138AA9C0009D874 /* TodoList */,
				D34152392138AA9C0009D874 /* Products */,
			);
			sourceTree = "<group>";
		};
		D34152392138AA9C0009D874 /* Products */ = {
			isa = PBXGroup;
			children = (
				D34152382138AA9C0009D874 /* TodoList.app */,
			);
			name = Products;
			sourceTree = "<group>";
		};
		D341523A2138AA9C0009D874 /* TodoList */ = {
			isa = PBXGroup;
			children = (
				2C677E72213DDE5C00BEAF40 /* Extensions */,
				2C677E6A213DDCA400BEAF40 /* Models */,
				2C677E6C213DDCC000BEAF40 /* View Controllers */,
				2C677E6B213DDCB300BEAF40 /* Views */,
				2C677E6D213DDD8300BEAF40 /* Resources */,
				D341523B2138AA9C0009D874 /* AppDelegate.swift */,
			);
			path = TodoList;
			sourceTree = "<group>";
		};
/* End PBXGroup section */

/* Begin PBXNativeTarget section */
		D34152372138AA9C0009D874 /* TodoList */ = {
			isa = PBXNativeTarget;
			buildConfigurationList = D341524A2138AA9D0009D874 /* Build configuration list for PBXNativeTarget "TodoList" */;
			buildPhases = (
				D34152342138AA9C0009D874 /* Sources */,
				D34152352138AA9C0009D874 /* Frameworks */,
				D34152362138AA9C0009D874 /* Resources */,
			);
			buildRules = (
			);
			dependencies = (
			);
			name = TodoList;
			productName = TodoList;
			productReference = D34152382138AA9C0009D874 /* TodoList.app */;
			productType = "com.apple.product-type.application";
		};
/* End PBXNativeTarget section */

/* Begin PBXProject section */
		D34152302138AA9C0009D874 /* Project object */ = {
			isa = PBXProject;
			attributes = {
				LastSwiftUpdateCheck = 0940;
				LastUpgradeCheck = 0940;
				ORGANIZATIONNAME = "Nilson Nascimento";
				TargetAttributes = {
					D34152372138AA9C0009D874 = {
						CreatedOnToolsVersion = 9.4.1;
					};
				};
			};
			buildConfigurationList = D34152332138AA9C0009D874 /* Build configuration list for PBXProject "TodoList" */;
			compatibilityVersion = "Xcode 9.3";
			developmentRegion = en;
			hasScannedForEncodings = 0;
			knownRegions = (
				en,
				Base,
			);
			mainGroup = D341522F2138AA9C0009D874;
			productRefGroup = D34152392138AA9C0009D874 /* Products */;
			projectDirPath = "";
			projectRoot = "";
			targets = (
				D34152372138AA9C0009D874 /* TodoList */,
			);
		};
/* End PBXProject section */

/* Begin PBXResourcesBuildPhase section */
		D34152362138AA9C0009D874 /* Resources */ = {
			isa = PBXResourcesBuildPhase;
			buildActionMask = 2147483647;
			files = (
				D34152462138AA9D0009D874 /* LaunchScreen.storyboard in Resources */,
				2C677E71213DDE1300BEAF40 /* ItemTableViewCell.xib in Resources */,
				2C677E7C213DE3E600BEAF40 /* TextFieldView.xib in Resources */,
				D34152432138AA9D0009D874 /* Assets.xcassets in Resources */,
			);
			runOnlyForDeploymentPostprocessing = 0;
		};
/* End PBXResourcesBuildPhase section */

/* Begin PBXSourcesBuildPhase section */
		D34152342138AA9C0009D874 /* Sources */ = {
			isa = PBXSourcesBuildPhase;
			buildActionMask = 2147483647;
			files = (
				2C677E78213DDE6A00BEAF40 /* UITableViewExtensions.swift in Sources */,
				2C677E7A213DE3DB00BEAF40 /* TextFieldView.swift in Sources */,
				2C677E70213DDE1300BEAF40 /* ItemTableViewCell.swift in Sources */,
				D341524E2138B1090009D874 /* TodoListViewController.swift in Sources */,
				D34152502138B61C0009D874 /* Item.swift in Sources */,
				D341523C2138AA9C0009D874 /* AppDelegate.swift in Sources */,
				2C677E77213DDE6A00BEAF40 /* UIViewExtensions.swift in Sources */,
			);
			runOnlyForDeploymentPostprocessing = 0;
		};
/* End PBXSourcesBuildPhase section */

/* Begin PBXVariantGroup section */
		D34152442138AA9D0009D874 /* LaunchScreen.storyboard */ = {
			isa = PBXVariantGroup;
			children = (
				D34152452138AA9D0009D874 /* Base */,
			);
			name = LaunchScreen.storyboard;
			sourceTree = "<group>";
		};
/* End PBXVariantGroup section */

/* Begin XCBuildConfiguration section */
		D34152482138AA9D0009D874 /* Debug */ = {
			isa = XCBuildConfiguration;
			buildSettings = {
				ALWAYS_SEARCH_USER_PATHS = NO;
				CLANG_ANALYZER_NONNULL = YES;
				CLANG_ANALYZER_NUMBER_OBJECT_CONVERSION = YES_AGGRESSIVE;
				CLANG_CXX_LANGUAGE_STANDARD = "gnu++14";
				CLANG_CXX_LIBRARY = "libc++";
				CLANG_ENABLE_MODULES = YES;
				CLANG_ENABLE_OBJC_ARC = YES;
				CLANG_ENABLE_OBJC_WEAK = YES;
				CLANG_WARN_BLOCK_CAPTURE_AUTORELEASING = YES;
				CLANG_WARN_BOOL_CONVERSION = YES;
				CLANG_WARN_COMMA = YES;
				CLANG_WARN_CONSTANT_CONVERSION = YES;
				CLANG_WARN_DEPRECATED_OBJC_IMPLEMENTATIONS = YES;
				CLANG_WARN_DIRECT_OBJC_ISA_USAGE = YES_ERROR;
				CLANG_WARN_DOCUMENTATION_COMMENTS = YES;
				CLANG_WARN_EMPTY_BODY = YES;
				CLANG_WARN_ENUM_CONVERSION = YES;
				CLANG_WARN_INFINITE_RECURSION = YES;
				CLANG_WARN_INT_CONVERSION = YES;
				CLANG_WARN_NON_LITERAL_NULL_CONVERSION = YES;
				CLANG_WARN_OBJC_IMPLICIT_RETAIN_SELF = YES;
				CLANG_WARN_OBJC_LITERAL_CONVERSION = YES;
				CLANG_WARN_OBJC_ROOT_CLASS = YES_ERROR;
				CLANG_WARN_RANGE_LOOP_ANALYSIS = YES;
				CLANG_WARN_STRICT_PROTOTYPES = YES;
				CLANG_WARN_SUSPICIOUS_MOVE = YES;
				CLANG_WARN_UNGUARDED_AVAILABILITY = YES_AGGRESSIVE;
				CLANG_WARN_UNREACHABLE_CODE = YES;
				CLANG_WARN__DUPLICATE_METHOD_MATCH = YES;
				CODE_SIGN_IDENTITY = "iPhone Developer";
				COPY_PHASE_STRIP = NO;
				DEBUG_INFORMATION_FORMAT = dwarf;
				ENABLE_STRICT_OBJC_MSGSEND = YES;
				ENABLE_TESTABILITY = YES;
				GCC_C_LANGUAGE_STANDARD = gnu11;
				GCC_DYNAMIC_NO_PIC = NO;
				GCC_NO_COMMON_BLOCKS = YES;
				GCC_OPTIMIZATION_LEVEL = 0;
				GCC_PREPROCESSOR_DEFINITIONS = (
					"DEBUG=1",
					"$(inherited)",
				);
				GCC_WARN_64_TO_32_BIT_CONVERSION = YES;
				GCC_WARN_ABOUT_RETURN_TYPE = YES_ERROR;
				GCC_WARN_UNDECLARED_SELECTOR = YES;
				GCC_WARN_UNINITIALIZED_AUTOS = YES_AGGRESSIVE;
				GCC_WARN_UNUSED_FUNCTION = YES;
				GCC_WARN_UNUSED_VARIABLE = YES;
				IPHONEOS_DEPLOYMENT_TARGET = 11.4;
				MTL_ENABLE_DEBUG_INFO = YES;
				ONLY_ACTIVE_ARCH = YES;
				SDKROOT = iphoneos;
				SWIFT_ACTIVE_COMPILATION_CONDITIONS = DEBUG;
				SWIFT_OPTIMIZATION_LEVEL = "-Onone";
			};
			name = Debug;
		};
		D34152492138AA9D0009D874 /* Release */ = {
			isa = XCBuildConfiguration;
			buildSettings = {
				ALWAYS_SEARCH_USER_PATHS = NO;
				CLANG_ANALYZER_NONNULL = YES;
				CLANG_ANALYZER_NUMBER_OBJECT_CONVERSION = YES_AGGRESSIVE;
				CLANG_CXX_LANGUAGE_STANDARD = "gnu++14";
				CLANG_CXX_LIBRARY = "libc++";
				CLANG_ENABLE_MODULES = YES;
				CLANG_ENABLE_OBJC_ARC = YES;
				CLANG_ENABLE_OBJC_WEAK = YES;
				CLANG_WARN_BLOCK_CAPTURE_AUTORELEASING = YES;
				CLANG_WARN_BOOL_CONVERSION = YES;
				CLANG_WARN_COMMA = YES;
				CLANG_WARN_CONSTANT_CONVERSION = YES;
				CLANG_WARN_DEPRECATED_OBJC_IMPLEMENTATIONS = YES;
				CLANG_WARN_DIRECT_OBJC_ISA_USAGE = YES_ERROR;
				CLANG_WARN_DOCUMENTATION_COMMENTS = YES;
				CLANG_WARN_EMPTY_BODY = YES;
				CLANG_WARN_ENUM_CONVERSION = YES;
				CLANG_WARN_INFINITE_RECURSION = YES;
				CLANG_WARN_INT_CONVERSION = YES;
				CLANG_WARN_NON_LITERAL_NULL_CONVERSION = YES;
				CLANG_WARN_OBJC_IMPLICIT_RETAIN_SELF = YES;
				CLANG_WARN_OBJC_LITERAL_CONVERSION = YES;
				CLANG_WARN_OBJC_ROOT_CLASS = YES_ERROR;
				CLANG_WARN_RANGE_LOOP_ANALYSIS = YES;
				CLANG_WARN_STRICT_PROTOTYPES = YES;
				CLANG_WARN_SUSPICIOUS_MOVE = YES;
				CLANG_WARN_UNGUARDED_AVAILABILITY = YES_AGGRESSIVE;
				CLANG_WARN_UNREACHABLE_CODE = YES;
				CLANG_WARN__DUPLICATE_METHOD_MATCH = YES;
				CODE_SIGN_IDENTITY = "iPhone Developer";
				COPY_PHASE_STRIP = NO;
				DEBUG_INFORMATION_FORMAT = "dwarf-with-dsym";
				ENABLE_NS_ASSERTIONS = NO;
				ENABLE_STRICT_OBJC_MSGSEND = YES;
				GCC_C_LANGUAGE_STANDARD = gnu11;
				GCC_NO_COMMON_BLOCKS = YES;
				GCC_WARN_64_TO_32_BIT_CONVERSION = YES;
				GCC_WARN_ABOUT_RETURN_TYPE = YES_ERROR;
				GCC_WARN_UNDECLARED_SELECTOR = YES;
				GCC_WARN_UNINITIALIZED_AUTOS = YES_AGGRESSIVE;
				GCC_WARN_UNUSED_FUNCTION = YES;
				GCC_WARN_UNUSED_VARIABLE = YES;
				IPHONEOS_DEPLOYMENT_TARGET = 11.4;
				MTL_ENABLE_DEBUG_INFO = NO;
				SDKROOT = iphoneos;
				SWIFT_COMPILATION_MODE = wholemodule;
				SWIFT_OPTIMIZATION_LEVEL = "-O";
				VALIDATE_PRODUCT = YES;
			};
			name = Release;
		};
		D341524B2138AA9D0009D874 /* Debug */ = {
			isa = XCBuildConfiguration;
			buildSettings = {
				ASSETCATALOG_COMPILER_APPICON_NAME = AppIcon;
				CODE_SIGN_STYLE = Automatic;
				INFOPLIST_FILE = "$(SRCROOT)/TodoList/Resources/Info.plist";
				LD_RUNPATH_SEARCH_PATHS = (
					"$(inherited)",
					"@executable_path/Frameworks",
				);
				PRODUCT_BUNDLE_IDENTIFIER = io.chuva.TodoList;
				PRODUCT_NAME = "$(TARGET_NAME)";
				SWIFT_VERSION = 4.0;
				TARGETED_DEVICE_FAMILY = "1,2";
			};
			name = Debug;
		};
		D341524C2138AA9D0009D874 /* Release */ = {
			isa = XCBuildConfiguration;
			buildSettings = {
				ASSETCATALOG_COMPILER_APPICON_NAME = AppIcon;
				CODE_SIGN_STYLE = Automatic;
				INFOPLIST_FILE = "$(SRCROOT)/TodoList/Resources/Info.plist";
				LD_RUNPATH_SEARCH_PATHS = (
					"$(inherited)",
					"@executable_path/Frameworks",
				);
				PRODUCT_BUNDLE_IDENTIFIER = io.chuva.TodoList;
				PRODUCT_NAME = "$(TARGET_NAME)";
				SWIFT_VERSION = 4.0;
				TARGETED_DEVICE_FAMILY = "1,2";
			};
			name = Release;
		};
/* End XCBuildConfiguration section */

/* Begin XCConfigurationList section */
		D34152332138AA9C0009D874 /* Build configuration list for PBXProject "TodoList" */ = {
			isa = XCConfigurationList;
			buildConfigurations = (
				D34152482138AA9D0009D874 /* Debug */,
				D34152492138AA9D0009D874 /* Release */,
			);
			defaultConfigurationIsVisible = 0;
			defaultConfigurationName = Release;
		};
		D341524A2138AA9D0009D874 /* Build configuration list for PBXNativeTarget "TodoList" */ = {
			isa = XCConfigurationList;
			buildConfigurations = (
				D341524B2138AA9D0009D874 /* Debug */,
				D341524C2138AA9D0009D874 /* Release */,
			);
			defaultConfigurationIsVisible = 0;
			defaultConfigurationName = Release;
		};
/* End XCConfigurationList section */
	};
	rootObject = D34152302138AA9C0009D874 /* Project object */;
}
